{
  "name": "ChatApp",
  "lockfileVersion": 3,
  "requires": true,
  "packages": {
    "": {
      "dependencies": {
        "react-native-shared-element": "^0.8.9"
      }
    },
    "node_modules/react-native-shared-element": {
      "version": "0.8.9",
      "resolved": "https://registry.npmjs.org/react-native-shared-element/-/react-native-shared-element-0.8.9.tgz",
      "integrity": "sha512-vlzhv3amkJm+8gA0WSeLzcCKNtN/ypZbic3IZ4Bwwr6GeWDrYzZ6k7PdHCioy7fwIVOJ1X9Pi/aYF9HK4Kb0qg=="
    }
  }
}
