# THIS IS AN AUTOGENERATED FILE. DO NOT EDIT THIS FILE DIRECTLY.
# yarn lockfile v1


react-native-shared-element@^0.8.9:
  version "0.8.9"
  resolved "https://registry.yarnpkg.com/react-native-shared-element/-/react-native-shared-element-0.8.9.tgz#22aa3231f905ede3821949e1bfb1f62b12ca9a19"
  integrity sha512-vlzhv3amkJm+8gA0WSeLzcCKNtN/ypZbic3IZ4Bwwr6GeWDrYzZ6k7PdHCioy7fwIVOJ1X9Pi/aYF9HK4Kb0qg==
